
Microsoft Visual Studio Solution File, Format Version 12.00
# Visual Studio 2013
VisualStudioVersion = 12.0.30501.0
MinimumVisualStudioVersion = 10.0.40219.1
Project("{8BC9CEB8-8B4A-11D0-8D11-00A0C91BC942}") = "Lab 1 - Line Drawing", "Lab 1 - Line Drawing\Lab 1 - Line Drawing.vcxproj", "{9205FB34-9656-44B0-82F6-AA542712E9EA}"
EndProject
Project("{8BC9CEB8-8B4A-11D0-8D11-00A0C91BC942}") = "Lab 2 - Polygon Fill", "Lab 2 - Polygon Fill\Lab 2 - Polygon Fill.vcxproj", "{1A535A38-35FC-4AF2-83C6-B82308676AFE}"
EndProject
Project("{8BC9CEB8-8B4A-11D0-8D11-00A0C91BC942}") = "Lab 3 - Clipping", "Lab 3 - Clipping\Lab 3 - Clipping.vcxproj", "{E62C7BFF-D497-437B-ADAD-656B1F967C2C}"
EndProject
Project("{8BC9CEB8-8B4A-11D0-8D11-00A0C91BC942}") = "Project 1 Midterm", "Project 1 Midterm\Project 1 Midterm.vcxproj", "{44411CA6-1CA3-4C53-B794-010B5F2CC68E}"
EndProject
Global
	GlobalSection(SolutionConfigurationPlatforms) = preSolution
		Debug|Win32 = Debug|Win32
		Release|Win32 = Release|Win32
	EndGlobalSection
	GlobalSection(ProjectConfigurationPlatforms) = postSolution
		{9205FB34-9656-44B0-82F6-AA542712E9EA}.Debug|Win32.ActiveCfg = Debug|Win32
		{9205FB34-9656-44B0-82F6-AA542712E9EA}.Debug|Win32.Build.0 = Debug|Win32
		{9205FB34-9656-44B0-82F6-AA542712E9EA}.Release|Win32.ActiveCfg = Release|Win32
		{9205FB34-9656-44B0-82F6-AA542712E9EA}.Release|Win32.Build.0 = Release|Win32
		{1A535A38-35FC-4AF2-83C6-B82308676AFE}.Debug|Win32.ActiveCfg = Debug|Win32
		{1A535A38-35FC-4AF2-83C6-B82308676AFE}.Debug|Win32.Build.0 = Debug|Win32
		{1A535A38-35FC-4AF2-83C6-B82308676AFE}.Release|Win32.ActiveCfg = Release|Win32
		{1A535A38-35FC-4AF2-83C6-B82308676AFE}.Release|Win32.Build.0 = Release|Win32
		{E62C7BFF-D497-437B-ADAD-656B1F967C2C}.Debug|Win32.ActiveCfg = Debug|Win32
		{E62C7BFF-D497-437B-ADAD-656B1F967C2C}.Debug|Win32.Build.0 = Debug|Win32
		{E62C7BFF-D497-437B-ADAD-656B1F967C2C}.Release|Win32.ActiveCfg = Release|Win32
		{E62C7BFF-D497-437B-ADAD-656B1F967C2C}.Release|Win32.Build.0 = Release|Win32
		{44411CA6-1CA3-4C53-B794-010B5F2CC68E}.Debug|Win32.ActiveCfg = Debug|Win32
		{44411CA6-1CA3-4C53-B794-010B5F2CC68E}.Debug|Win32.Build.0 = Debug|Win32
		{44411CA6-1CA3-4C53-B794-010B5F2CC68E}.Release|Win32.ActiveCfg = Release|Win32
		{44411CA6-1CA3-4C53-B794-010B5F2CC68E}.Release|Win32.Build.0 = Release|Win32
	EndGlobalSection
	GlobalSection(SolutionProperties) = preSolution
		HideSolutionNode = FALSE
	EndGlobalSection
EndGlobal
